// !$*UTF8*$!
{
	archiveVersion = 1;
	classes = {
	};
	objectVersion = 55;
	objects = {

/* Begin PBXBuildFile section */
		7FEE8A65297568A600BD60C4 /* CMWeather44App.swift in Sources */ = {isa = PBXBuildFile; fileRef = 7FEE8A64297568A600BD60C4 /* CMWeather44App.swift */; };
		7FEE8A67297568A600BD60C4 /* ContentView.swift in Sources */ = {isa = PBXBuildFile; fileRef = 7FEE8A66297568A600BD60C4 /* ContentView.swift */; };
		7FEE8A69297568AA00BD60C4 /* Assets.xcassets in Resources */ = {isa = PBXBuildFile; fileRef = 7FEE8A68297568AA00BD60C4 /* Assets.xcassets */; };
		7FEE8A6C297568AA00BD60C4 /* Preview Assets.xcassets in Resources */ = {isa = PBXBuildFile; fileRef = 7FEE8A6B297568AA00BD60C4 /* Preview Assets.xcassets */; };
		7FEE8A73297568C400BD60C4 /* WeatherViewModel.swift in Sources */ = {isa = PBXBuildFile; fileRef = 7FEE8A72297568C400BD60C4 /* WeatherViewModel.swift */; };
		7FEE8A75297568D100BD60C4 /* JsonModel.swift in Sources */ = {isa = PBXBuildFile; fileRef = 7FEE8A74297568D100BD60C4 /* JsonModel.swift */; };
		7FEE8A772975691200BD60C4 /* KeyManager.swift in Sources */ = {isa = PBXBuildFile; fileRef = 7FEE8A762975691200BD60C4 /* KeyManager.swift */; };
		7FEE8A792975699B00BD60C4 /* WeatherKey.plist in Resources */ = {isa = PBXBuildFile; fileRef = 7FEE8A782975699B00BD60C4 /* WeatherKey.plist */; };
		7FEE8A8329764C5600BD60C4 /* AkibaView.swift in Sources */ = {isa = PBXBuildFile; fileRef = 7FEE8A8229764C5600BD60C4 /* AkibaView.swift */; };
		7FEE8A852976DB3100BD60C4 /* OomiyaView.swift in Sources */ = {isa = PBXBuildFile; fileRef = 7FEE8A842976DB3100BD60C4 /* OomiyaView.swift */; };
		7FEE8A872976DB4900BD60C4 /* KawasakiView.swift in Sources */ = {isa = PBXBuildFile; fileRef = 7FEE8A862976DB4900BD60C4 /* KawasakiView.swift */; };
		7FEE8A8B2976DB9800BD60C4 /* TsukubaView.swift in Sources */ = {isa = PBXBuildFile; fileRef = 7FEE8A8A2976DB9800BD60C4 /* TsukubaView.swift */; };
		7FEE8A8D2976DBA800BD60C4 /* MaebashiView.swift in Sources */ = {isa = PBXBuildFile; fileRef = 7FEE8A8C2976DBA800BD60C4 /* MaebashiView.swift */; };
		7FEE8A8F2976DBB700BD60C4 /* ChibaView.swift in Sources */ = {isa = PBXBuildFile; fileRef = 7FEE8A8E2976DBB700BD60C4 /* ChibaView.swift */; };
		7FEE8A912976DBD300BD60C4 /* UstunomiyaView.swift in Sources */ = {isa = PBXBuildFile; fileRef = 7FEE8A902976DBD300BD60C4 /* UstunomiyaView.swift */; };
/* End PBXBuildFile section */

/* Begin PBXFileReference section */
		7FEE8A61297568A600BD60C4 /* CMWeather44.app */ = {isa = PBXFileReference; explicitFileType = wrapper.application; includeInIndex = 0; path = CMWeather44.app; sourceTree = BUILT_PRODUCTS_DIR; };
		7FEE8A64297568A600BD60C4 /* CMWeather44App.swift */ = {isa = PBXFileReference; lastKnownFileType = sourcecode.swift; path = CMWeather44App.swift; sourceTree = "<group>"; };
		7FEE8A66297568A600BD60C4 /* ContentView.swift */ = {isa = PBXFileReference; lastKnownFileType = sourcecode.swift; path = ContentView.swift; sourceTree = "<group>"; };
		7FEE8A68297568AA00BD60C4 /* Assets.xcassets */ = {isa = PBXFileReference; lastKnownFileType = folder.assetcatalog; path = Assets.xcassets; sourceTree = "<group>"; };
		7FEE8A6B297568AA00BD60C4 /* Preview Assets.xcassets */ = {isa = PBXFileReference; lastKnownFileType = folder.assetcatalog; path = "Preview Assets.xcassets"; sourceTree = "<group>"; };
		7FEE8A72297568C400BD60C4 /* WeatherViewModel.swift */ = {isa = PBXFileReference; lastKnownFileType = sourcecode.swift; path = WeatherViewModel.swift; sourceTree = "<group>"; };
		7FEE8A74297568D100BD60C4 /* JsonModel.swift */ = {isa = PBXFileReference; lastKnownFileType = sourcecode.swift; path = JsonModel.swift; sourceTree = "<group>"; };
		7FEE8A762975691200BD60C4 /* KeyManager.swift */ = {isa = PBXFileReference; lastKnownFileType = sourcecode.swift; path = KeyManager.swift; sourceTree = "<group>"; };
		7FEE8A782975699B00BD60C4 /* WeatherKey.plist */ = {isa = PBXFileReference; lastKnownFileType = text.plist.xml; path = WeatherKey.plist; sourceTree = "<group>"; };
		7FEE8A8229764C5600BD60C4 /* AkibaView.swift */ = {isa = PBXFileReference; lastKnownFileType = sourcecode.swift; path = AkibaView.swift; sourceTree = "<group>"; };
		7FEE8A842976DB3100BD60C4 /* OomiyaView.swift */ = {isa = PBXFileReference; lastKnownFileType = sourcecode.swift; path = OomiyaView.swift; sourceTree = "<group>"; };
		7FEE8A862976DB4900BD60C4 /* KawasakiView.swift */ = {isa = PBXFileReference; lastKnownFileType = sourcecode.swift; path = KawasakiView.swift; sourceTree = "<group>"; };
		7FEE8A8A2976DB9800BD60C4 /* TsukubaView.swift */ = {isa = PBXFileReference; lastKnownFileType = sourcecode.swift; path = TsukubaView.swift; sourceTree = "<group>"; };
		7FEE8A8C2976DBA800BD60C4 /* MaebashiView.swift */ = {isa = PBXFileReference; lastKnownFileType = sourcecode.swift; path = MaebashiView.swift; sourceTree = "<group>"; };
		7FEE8A8E2976DBB700BD60C4 /* ChibaView.swift */ = {isa = PBXFileReference; lastKnownFileType = sourcecode.swift; path = ChibaView.swift; sourceTree = "<group>"; };
		7FEE8A902976DBD300BD60C4 /* UstunomiyaView.swift */ = {isa = PBXFileReference; lastKnownFileType = sourcecode.swift; path = UstunomiyaView.swift; sourceTree = "<group>"; };
/* End PBXFileReference section */

/* Begin PBXFrameworksBuildPhase section */
		7FEE8A5E297568A600BD60C4 /* Frameworks */ = {
			isa = PBXFrameworksBuildPhase;
			buildActionMask = 2147483647;
			files = (
			);
			runOnlyForDeploymentPostprocessing = 0;
		};
/* End PBXFrameworksBuildPhase section */

/* Begin PBXGroup section */
		7FEE8A58297568A600BD60C4 = {
			isa = PBXGroup;
			children = (
				7FEE8A63297568A600BD60C4 /* CMWeather44 */,
				7FEE8A62297568A600BD60C4 /* Products */,
			);
			sourceTree = "<group>";
		};
		7FEE8A62297568A600BD60C4 /* Products */ = {
			isa = PBXGroup;
			children = (
				7FEE8A61297568A600BD60C4 /* CMWeather44.app */,
			);
			name = Products;
			sourceTree = "<group>";
		};
		7FEE8A63297568A600BD60C4 /* CMWeather44 */ = {
			isa = PBXGroup;
			children = (
				7FEE8A64297568A600BD60C4 /* CMWeather44App.swift */,
				7FEE8A7E29764BD000BD60C4 /* view */,
				7FEE8A7F29764BE100BD60C4 /* ViewModel */,
				7FEE8A8029764BF500BD60C4 /* Model */,
				7FEE8A8129764BFF00BD60C4 /* KeyManager */,
				7FEE8A68297568AA00BD60C4 /* Assets.xcassets */,
				7FEE8A6A297568AA00BD60C4 /* Preview Content */,
				7FEE8A782975699B00BD60C4 /* WeatherKey.plist */,
			);
			path = CMWeather44;
			sourceTree = "<group>";
		};
		7FEE8A6A297568AA00BD60C4 /* Preview Content */ = {
			isa = PBXGroup;
			children = (
				7FEE8A6B297568AA00BD60C4 /* Preview Assets.xcassets */,
			);
			path = "Preview Content";
			sourceTree = "<group>";
		};
		7FEE8A7E29764BD000BD60C4 /* view */ = {
			isa = PBXGroup;
			children = (
				7FEE8A66297568A600BD60C4 /* ContentView.swift */,
				7FEE8A8229764C5600BD60C4 /* AkibaView.swift */,
				7FEE8A842976DB3100BD60C4 /* OomiyaView.swift */,
				7FEE8A862976DB4900BD60C4 /* KawasakiView.swift */,
				7FEE8A8A2976DB9800BD60C4 /* TsukubaView.swift */,
				7FEE8A8C2976DBA800BD60C4 /* MaebashiView.swift */,
				7FEE8A8E2976DBB700BD60C4 /* ChibaView.swift */,
				7FEE8A902976DBD300BD60C4 /* UstunomiyaView.swift */,
			);
			path = view;
			sourceTree = "<group>";
		};
		7FEE8A7F29764BE100BD60C4 /* ViewModel */ = {
			isa = PBXGroup;
			children = (
				7FEE8A72297568C400BD60C4 /* WeatherViewModel.swift */,
			);
			path = ViewModel;
			sourceTree = "<group>";
		};
		7FEE8A8029764BF500BD60C4 /* Model */ = {
			isa = PBXGroup;
			children = (
				7FEE8A74297568D100BD60C4 /* JsonModel.swift */,
			);
			path = Model;
			sourceTree = "<group>";
		};
		7FEE8A8129764BFF00BD60C4 /* KeyManager */ = {
			isa = PBXGroup;
			children = (
				7FEE8A762975691200BD60C4 /* KeyManager.swift */,
			);
			path = KeyManager;
			sourceTree = "<group>";
		};
/* End PBXGroup section */

/* Begin PBXNativeTarget section */
		7FEE8A60297568A600BD60C4 /* CMWeather44 */ = {
			isa = PBXNativeTarget;
			buildConfigurationList = 7FEE8A6F297568AA00BD60C4 /* Build configuration list for PBXNativeTarget "CMWeather44" */;
			buildPhases = (
				7FEE8A5D297568A600BD60C4 /* Sources */,
				7FEE8A5E297568A600BD60C4 /* Frameworks */,
				7FEE8A5F297568A600BD60C4 /* Resources */,
			);
			buildRules = (
			);
			dependencies = (
			);
			name = CMWeather44;
			productName = CMWeather44;
			productReference = 7FEE8A61297568A600BD60C4 /* CMWeather44.app */;
			productType = "com.apple.product-type.application";
		};
/* End PBXNativeTarget section */

/* Begin PBXProject section */
		7FEE8A59297568A600BD60C4 /* Project object */ = {
			isa = PBXProject;
			attributes = {
				BuildIndependentTargetsInParallel = 1;
				LastSwiftUpdateCheck = 1340;
				LastUpgradeCheck = 1340;
				TargetAttributes = {
					7FEE8A60297568A600BD60C4 = {
						CreatedOnToolsVersion = 13.4.1;
					};
				};
			};
			buildConfigurationList = 7FEE8A5C297568A600BD60C4 /* Build configuration list for PBXProject "CMWeather44" */;
			compatibilityVersion = "Xcode 13.0";
			developmentRegion = en;
			hasScannedForEncodings = 0;
			knownRegions = (
				en,
				Base,
			);
			mainGroup = 7FEE8A58297568A600BD60C4;
			productRefGroup = 7FEE8A62297568A600BD60C4 /* Products */;
			projectDirPath = "";
			projectRoot = "";
			targets = (
				7FEE8A60297568A600BD60C4 /* CMWeather44 */,
			);
		};
/* End PBXProject section */

/* Begin PBXResourcesBuildPhase section */
		7FEE8A5F297568A600BD60C4 /* Resources */ = {
			isa = PBXResourcesBuildPhase;
			buildActionMask = 2147483647;
			files = (
				7FEE8A792975699B00BD60C4 /* WeatherKey.plist in Resources */,
				7FEE8A6C297568AA00BD60C4 /* Preview Assets.xcassets in Resources */,
				7FEE8A69297568AA00BD60C4 /* Assets.xcassets in Resources */,
			);
			runOnlyForDeploymentPostprocessing = 0;
		};
/* End PBXResourcesBuildPhase section */

/* Begin PBXSourcesBuildPhase section */
		7FEE8A5D297568A600BD60C4 /* Sources */ = {
			isa = PBXSourcesBuildPhase;
			buildActionMask = 2147483647;
			files = (
				7FEE8A67297568A600BD60C4 /* ContentView.swift in Sources */,
				7FEE8A8B2976DB9800BD60C4 /* TsukubaView.swift in Sources */,
				7FEE8A8D2976DBA800BD60C4 /* MaebashiView.swift in Sources */,
				7FEE8A772975691200BD60C4 /* KeyManager.swift in Sources */,
				7FEE8A912976DBD300BD60C4 /* UstunomiyaView.swift in Sources */,
				7FEE8A852976DB3100BD60C4 /* OomiyaView.swift in Sources */,
				7FEE8A75297568D100BD60C4 /* JsonModel.swift in Sources */,
				7FEE8A872976DB4900BD60C4 /* KawasakiView.swift in Sources */,
				7FEE8A8F2976DBB700BD60C4 /* ChibaView.swift in Sources */,
				7FEE8A8329764C5600BD60C4 /* AkibaView.swift in Sources */,
				7FEE8A73297568C400BD60C4 /* WeatherViewModel.swift in Sources */,
				7FEE8A65297568A600BD60C4 /* CMWeather44App.swift in Sources */,
			);
			runOnlyForDeploymentPostprocessing = 0;
		};
/* End PBXSourcesBuildPhase section */

/* Begin XCBuildConfiguration section */
		7FEE8A6D297568AA00BD60C4 /* Debug */ = {
			isa = XCBuildConfiguration;
			buildSettings = {
				ALWAYS_SEARCH_USER_PATHS = NO;
				CLANG_ANALYZER_NONNULL = YES;
				CLANG_ANALYZER_NUMBER_OBJECT_CONVERSION = YES_AGGRESSIVE;
				CLANG_CXX_LANGUAGE_STANDARD = "gnu++17";
				CLANG_ENABLE_MODULES = YES;
				CLANG_ENABLE_OBJC_ARC = YES;
				CLANG_ENABLE_OBJC_WEAK = YES;
				CLANG_WARN_BLOCK_CAPTURE_AUTORELEASING = YES;
				CLANG_WARN_BOOL_CONVERSION = YES;
				CLANG_WARN_COMMA = YES;
				CLANG_WARN_CONSTANT_CONVERSION = YES;
				CLANG_WARN_DEPRECATED_OBJC_IMPLEMENTATIONS = YES;
				CLANG_WARN_DIRECT_OBJC_ISA_USAGE = YES_ERROR;
				CLANG_WARN_DOCUMENTATION_COMMENTS = YES;
				CLANG_WARN_EMPTY_BODY = YES;
				CLANG_WARN_ENUM_CONVERSION = YES;
				CLANG_WARN_INFINITE_RECURSION = YES;
				CLANG_WARN_INT_CONVERSION = YES;
				CLANG_WARN_NON_LITERAL_NULL_CONVERSION = YES;
				CLANG_WARN_OBJC_IMPLICIT_RETAIN_SELF = YES;
				CLANG_WARN_OBJC_LITERAL_CONVERSION = YES;
				CLANG_WARN_OBJC_ROOT_CLASS = YES_ERROR;
				CLANG_WARN_QUOTED_INCLUDE_IN_FRAMEWORK_HEADER = YES;
				CLANG_WARN_RANGE_LOOP_ANALYSIS = YES;
				CLANG_WARN_STRICT_PROTOTYPES = YES;
				CLANG_WARN_SUSPICIOUS_MOVE = YES;
				CLANG_WARN_UNGUARDED_AVAILABILITY = YES_AGGRESSIVE;
				CLANG_WARN_UNREACHABLE_CODE = YES;
				CLANG_WARN__DUPLICATE_METHOD_MATCH = YES;
				COPY_PHASE_STRIP = NO;
				DEBUG_INFORMATION_FORMAT = dwarf;
				ENABLE_STRICT_OBJC_MSGSEND = YES;
				ENABLE_TESTABILITY = YES;
				GCC_C_LANGUAGE_STANDARD = gnu11;
				GCC_DYNAMIC_NO_PIC = NO;
				GCC_NO_COMMON_BLOCKS = YES;
				GCC_OPTIMIZATION_LEVEL = 0;
				GCC_PREPROCESSOR_DEFINITIONS = (
					"DEBUG=1",
					"$(inherited)",
				);
				GCC_WARN_64_TO_32_BIT_CONVERSION = YES;
				GCC_WARN_ABOUT_RETURN_TYPE = YES_ERROR;
				GCC_WARN_UNDECLARED_SELECTOR = YES;
				GCC_WARN_UNINITIALIZED_AUTOS = YES_AGGRESSIVE;
				GCC_WARN_UNUSED_FUNCTION = YES;
				GCC_WARN_UNUSED_VARIABLE = YES;
				IPHONEOS_DEPLOYMENT_TARGET = 15.5;
				MTL_ENABLE_DEBUG_INFO = INCLUDE_SOURCE;
				MTL_FAST_MATH = YES;
				ONLY_ACTIVE_ARCH = YES;
				SDKROOT = iphoneos;
				SWIFT_ACTIVE_COMPILATION_CONDITIONS = DEBUG;
				SWIFT_OPTIMIZATION_LEVEL = "-Onone";
			};
			name = Debug;
		};
		7FEE8A6E297568AA00BD60C4 /* Release */ = {
			isa = XCBuildConfiguration;
			buildSettings = {
				ALWAYS_SEARCH_USER_PATHS = NO;
				CLANG_ANALYZER_NONNULL = YES;
				CLANG_ANALYZER_NUMBER_OBJECT_CONVERSION = YES_AGGRESSIVE;
				CLANG_CXX_LANGUAGE_STANDARD = "gnu++17";
				CLANG_ENABLE_MODULES = YES;
				CLANG_ENABLE_OBJC_ARC = YES;
				CLANG_ENABLE_OBJC_WEAK = YES;
				CLANG_WARN_BLOCK_CAPTURE_AUTORELEASING = YES;
				CLANG_WARN_BOOL_CONVERSION = YES;
				CLANG_WARN_COMMA = YES;
				CLANG_WARN_CONSTANT_CONVERSION = YES;
				CLANG_WARN_DEPRECATED_OBJC_IMPLEMENTATIONS = YES;
				CLANG_WARN_DIRECT_OBJC_ISA_USAGE = YES_ERROR;
				CLANG_WARN_DOCUMENTATION_COMMENTS = YES;
				CLANG_WARN_EMPTY_BODY = YES;
				CLANG_WARN_ENUM_CONVERSION = YES;
				CLANG_WARN_INFINITE_RECURSION = YES;
				CLANG_WARN_INT_CONVERSION = YES;
				CLANG_WARN_NON_LITERAL_NULL_CONVERSION = YES;
				CLANG_WARN_OBJC_IMPLICIT_RETAIN_SELF = YES;
				CLANG_WARN_OBJC_LITERAL_CONVERSION = YES;
				CLANG_WARN_OBJC_ROOT_CLASS = YES_ERROR;
				CLANG_WARN_QUOTED_INCLUDE_IN_FRAMEWORK_HEADER = YES;
				CLANG_WARN_RANGE_LOOP_ANALYSIS = YES;
				CLANG_WARN_STRICT_PROTOTYPES = YES;
				CLANG_WARN_SUSPICIOUS_MOVE = YES;
				CLANG_WARN_UNGUARDED_AVAILABILITY = YES_AGGRESSIVE;
				CLANG_WARN_UNREACHABLE_CODE = YES;
				CLANG_WARN__DUPLICATE_METHOD_MATCH = YES;
				COPY_PHASE_STRIP = NO;
				DEBUG_INFORMATION_FORMAT = "dwarf-with-dsym";
				ENABLE_NS_ASSERTIONS = NO;
				ENABLE_STRICT_OBJC_MSGSEND = YES;
				GCC_C_LANGUAGE_STANDARD = gnu11;
				GCC_NO_COMMON_BLOCKS = YES;
				GCC_WARN_64_TO_32_BIT_CONVERSION = YES;
				GCC_WARN_ABOUT_RETURN_TYPE = YES_ERROR;
				GCC_WARN_UNDECLARED_SELECTOR = YES;
				GCC_WARN_UNINITIALIZED_AUTOS = YES_AGGRESSIVE;
				GCC_WARN_UNUSED_FUNCTION = YES;
				GCC_WARN_UNUSED_VARIABLE = YES;
				IPHONEOS_DEPLOYMENT_TARGET = 15.5;
				MTL_ENABLE_DEBUG_INFO = NO;
				MTL_FAST_MATH = YES;
				SDKROOT = iphoneos;
				SWIFT_COMPILATION_MODE = wholemodule;
				SWIFT_OPTIMIZATION_LEVEL = "-O";
				VALIDATE_PRODUCT = YES;
			};
			name = Release;
		};
		7FEE8A70297568AA00BD60C4 /* Debug */ = {
			isa = XCBuildConfiguration;
			buildSettings = {
				ASSETCATALOG_COMPILER_APPICON_NAME = AppIcon;
				ASSETCATALOG_COMPILER_GLOBAL_ACCENT_COLOR_NAME = AccentColor;
				CODE_SIGN_STYLE = Automatic;
				CURRENT_PROJECT_VERSION = 1;
				DEVELOPMENT_ASSET_PATHS = "\"CMWeather44/Preview Content\"";
				DEVELOPMENT_TEAM = HLCX73938L;
				ENABLE_PREVIEWS = YES;
				GENERATE_INFOPLIST_FILE = YES;
				INFOPLIST_KEY_CFBundleDisplayName = "CM天気予報44";
				INFOPLIST_KEY_UIApplicationSceneManifest_Generation = YES;
				INFOPLIST_KEY_UIApplicationSupportsIndirectInputEvents = YES;
				INFOPLIST_KEY_UILaunchScreen_Generation = YES;
				INFOPLIST_KEY_UISupportedInterfaceOrientations_iPad = "UIInterfaceOrientationPortrait UIInterfaceOrientationPortraitUpsideDown UIInterfaceOrientationLandscapeLeft UIInterfaceOrientationLandscapeRight";
				INFOPLIST_KEY_UISupportedInterfaceOrientations_iPhone = "UIInterfaceOrientationPortrait UIInterfaceOrientationLandscapeLeft UIInterfaceOrientationLandscapeRight";
				IPHONEOS_DEPLOYMENT_TARGET = 15.5;
				LD_RUNPATH_SEARCH_PATHS = (
					"$(inherited)",
					"@executable_path/Frameworks",
				);
				MARKETING_VERSION = 1.0;
				PRODUCT_BUNDLE_IDENTIFIER = jp.ac.jec.cm.CMWeather44;
				PRODUCT_NAME = "$(TARGET_NAME)";
				SWIFT_EMIT_LOC_STRINGS = YES;
				SWIFT_VERSION = 5.0;
				TARGETED_DEVICE_FAMILY = "1,2";
			};
			name = Debug;
		};
		7FEE8A71297568AA00BD60C4 /* Release */ = {
			isa = XCBuildConfiguration;
			buildSettings = {
				ASSETCATALOG_COMPILER_APPICON_NAME = AppIcon;
				ASSETCATALOG_COMPILER_GLOBAL_ACCENT_COLOR_NAME = AccentColor;
				CODE_SIGN_STYLE = Automatic;
				CURRENT_PROJECT_VERSION = 1;
				DEVELOPMENT_ASSET_PATHS = "\"CMWeather44/Preview Content\"";
				DEVELOPMENT_TEAM = HLCX73938L;
				ENABLE_PREVIEWS = YES;
				GENERATE_INFOPLIST_FILE = YES;
				INFOPLIST_KEY_CFBundleDisplayName = "CM天気予報44";
				INFOPLIST_KEY_UIApplicationSceneManifest_Generation = YES;
				INFOPLIST_KEY_UIApplicationSupportsIndirectInputEvents = YES;
				INFOPLIST_KEY_UILaunchScreen_Generation = YES;
				INFOPLIST_KEY_UISupportedInterfaceOrientations_iPad = "UIInterfaceOrientationPortrait UIInterfaceOrientationPortraitUpsideDown UIInterfaceOrientationLandscapeLeft UIInterfaceOrientationLandscapeRight";
				INFOPLIST_KEY_UISupportedInterfaceOrientations_iPhone = "UIInterfaceOrientationPortrait UIInterfaceOrientationLandscapeLeft UIInterfaceOrientationLandscapeRight";
				IPHONEOS_DEPLOYMENT_TARGET = 15.5;
				LD_RUNPATH_SEARCH_PATHS = (
					"$(inherited)",
					"@executable_path/Frameworks",
				);
				MARKETING_VERSION = 1.0;
				PRODUCT_BUNDLE_IDENTIFIER = jp.ac.jec.cm.CMWeather44;
				PRODUCT_NAME = "$(TARGET_NAME)";
				SWIFT_EMIT_LOC_STRINGS = YES;
				SWIFT_VERSION = 5.0;
				TARGETED_DEVICE_FAMILY = "1,2";
			};
			name = Release;
		};
/* End XCBuildConfiguration section */

/* Begin XCConfigurationList section */
		7FEE8A5C297568A600BD60C4 /* Build configuration list for PBXProject "CMWeather44" */ = {
			isa = XCConfigurationList;
			buildConfigurations = (
				7FEE8A6D297568AA00BD60C4 /* Debug */,
				7FEE8A6E297568AA00BD60C4 /* Release */,
			);
			defaultConfigurationIsVisible = 0;
			defaultConfigurationName = Release;
		};
		7FEE8A6F297568AA00BD60C4 /* Build configuration list for PBXNativeTarget "CMWeather44" */ = {
			isa = XCConfigurationList;
			buildConfigurations = (
				7FEE8A70297568AA00BD60C4 /* Debug */,
				7FEE8A71297568AA00BD60C4 /* Release */,
			);
			defaultConfigurationIsVisible = 0;
			defaultConfigurationName = Release;
		};
/* End XCConfigurationList section */
	};
	rootObject = 7FEE8A59297568A600BD60C4 /* Project object */;
}
